
Microsoft Visual Studio Solution File, Format Version 12.00
# Visual Studio Version 17
VisualStudioVersion = 17.14.36119.2 d17.14
MinimumVisualStudioVersion = 10.0.40219.1
Project("{FAE04EC0-301F-11D3-BF4B-00C04F79EFBC}") = "HMS", "HMS\HMS.csproj", "{A140D394-F8BD-4B5F-8BDF-598393131A36}"
EndProject
Global
	GlobalSection(SolutionConfigurationPlatforms) = preSolution
		Debug|Any CPU = Debug|Any CPU
		Release|Any CPU = Release|Any CPU
	EndGlobalSection
	GlobalSection(ProjectConfigurationPlatforms) = postSolution
		{A140D394-F8BD-4B5F-8BDF-598393131A36}.Debug|Any CPU.ActiveCfg = Debug|Any CPU
		{A140D394-F8BD-4B5F-8BDF-598393131A36}.Debug|Any CPU.Build.0 = Debug|Any CPU
		{A140D394-F8BD-4B5F-8BDF-598393131A36}.Release|Any CPU.ActiveCfg = Release|Any CPU
		{A140D394-F8BD-4B5F-8BDF-598393131A36}.Release|Any CPU.Build.0 = Release|Any CPU
	EndGlobalSection
	GlobalSection(SolutionProperties) = preSolution
		HideSolutionNode = FALSE
	EndGlobalSection
	GlobalSection(ExtensibilityGlobals) = postSolution
		SolutionGuid = {452FF505-1170-4F5A-9878-E1A10A95D789}
	EndGlobalSection
EndGlobal
